
Microsoft Visual Studio Solution File, Format Version 12.00
Project("{FAE04EC0-301F-11D3-BF4B-00C04F79EFBC}") = "apbd8", "apbd8\apbd8.csproj", "{2C5DD2D4-A0DF-4F46-8FEE-1E8B6069E266}"
EndProject
Global
	GlobalSection(SolutionConfigurationPlatforms) = preSolution
		Debug|Any CPU = Debug|Any CPU
		Release|Any CPU = Release|Any CPU
	EndGlobalSection
	GlobalSection(ProjectConfigurationPlatforms) = postSolution
		{2C5DD2D4-A0DF-4F46-8FEE-1E8B6069E266}.Debug|Any CPU.ActiveCfg = Debug|Any CPU
		{2C5DD2D4-A0DF-4F46-8FEE-1E8B6069E266}.Debug|Any CPU.Build.0 = Debug|Any CPU
		{2C5DD2D4-A0DF-4F46-8FEE-1E8B6069E266}.Release|Any CPU.ActiveCfg = Release|Any CPU
		{2C5DD2D4-A0DF-4F46-8FEE-1E8B6069E266}.Release|Any CPU.Build.0 = Release|Any CPU
	EndGlobalSection
EndGlobal
